
Microsoft Visual Studio Solution File, Format Version 12.00
# Visual Studio Version 16
VisualStudioVersion = 16.0.31019.35
MinimumVisualStudioVersion = 10.0.40219.1
Project("{FAE04EC0-301F-11D3-BF4B-00C04F79EFBC}") = "Gifter", "Gifter\Gifter.csproj", "{173632E5-F6F4-478B-9678-54A071740947}"
EndProject
Global
	GlobalSection(SolutionConfigurationPlatforms) = preSolution
		Debug|Any CPU = Debug|Any CPU
		Release|Any CPU = Release|Any CPU
	EndGlobalSection
	GlobalSection(ProjectConfigurationPlatforms) = postSolution
		{173632E5-F6F4-478B-9678-54A071740947}.Debug|Any CPU.ActiveCfg = Debug|Any CPU
		{173632E5-F6F4-478B-9678-54A071740947}.Debug|Any CPU.Build.0 = Debug|Any CPU
		{173632E5-F6F4-478B-9678-54A071740947}.Release|Any CPU.ActiveCfg = Release|Any CPU
		{173632E5-F6F4-478B-9678-54A071740947}.Release|Any CPU.Build.0 = Release|Any CPU
	EndGlobalSection
	GlobalSection(SolutionProperties) = preSolution
		HideSolutionNode = FALSE
	EndGlobalSection
	GlobalSection(ExtensibilityGlobals) = postSolution
		SolutionGuid = {F8101F1D-0544-4561-A334-1AAFCAD2CD7C}
	EndGlobalSection
EndGlobal
